{
  "version": 4,
  "terraform_version": "1.14.3",
  "serial": 278,
  "lineage": "2d959045-2dfe-4451-1018-ec8b6874249e",
  "outputs": {
    "edge_gateway_ip": {
      "value": "135.181.82.31",
      "type": "string"
    }
  },
  "resources": [
    {
      "mode": "data",
      "type": "hcloud_image",
      "name": "bastion_snapshot",
      "provider": "provider[\"registry.terraform.io/hetznercloud/hcloud\"]",
      "instances": [
        {
          "schema_version": 0,
          "attributes": {
            "architecture": "x86",
            "created": "2026-01-21T10:30:18Z",
            "deprecated": null,
            "description": "hzn-bastion-jilani-snap",
            "id": 351364828,
            "include_deprecated": false,
            "labels": {
              "created_by": "jilani",
              "role": "bastion"
            },
            "most_recent": true,
            "name": "",
            "os_flavor": "ubuntu",
            "os_version": "24.04",
            "rapid_deploy": false,
            "selector": null,
            "type": "snapshot",
            "with_architecture": "x86",
            "with_selector": "created_by=jilani,role=bastion",
            "with_status": null
          },
          "sensitive_attributes": [],
          "identity_schema_version": 0
        }
      ]
    },
    {
      "mode": "data",
      "type": "hcloud_image",
      "name": "guacamole_snapshot",
      "provider": "provider[\"registry.terraform.io/hetznercloud/hcloud\"]",
      "instances": [
        {
          "schema_version": 0,
          "attributes": {
            "architecture": "x86",
            "created": "2026-01-21T10:05:50Z",
            "deprecated": null,
            "description": "hzn-guacamole-jilani-snap",
            "id": 351347529,
            "include_deprecated": false,
            "labels": {
              "created_by": "jilani",
              "role": "guacamole"
            },
            "most_recent": true,
            "name": "",
            "os_flavor": "ubuntu",
            "os_version": "24.04",
            "rapid_deploy": false,
            "selector": null,
            "type": "snapshot",
            "with_architecture": "x86",
            "with_selector": "created_by=jilani,role=guacamole",
            "with_status": null
          },
          "sensitive_attributes": [],
          "identity_schema_version": 0
        }
      ]
    },
    {
      "mode": "data",
      "type": "hcloud_network",
      "name": "main",
      "provider": "provider[\"registry.terraform.io/hetznercloud/hcloud\"]",
      "instances": [
        {
          "schema_version": 0,
          "attributes": {
            "delete_protection": false,
            "expose_routes_to_vswitch": false,
            "id": 11831896,
            "ip_range": "10.20.0.0/24",
            "labels": {},
            "most_recent": null,
            "name": "nw-jilani",
            "with_selector": null
          },
          "sensitive_attributes": [],
          "identity_schema_version": 0
        }
      ]
    },
    {
      "mode": "managed",
      "type": "hcloud_firewall",
      "name": "edge_fw",
      "provider": "provider[\"registry.terraform.io/hetznercloud/hcloud\"]",
      "instances": [
        {
          "schema_version": 0,
          "attributes": {
            "apply_to": [],
            "id": "10426008",
            "labels": {},
            "name": "fw-bastion-jilani",
            "rule": [
              {
                "description": "",
                "destination_ips": [],
                "direction": "in",
                "port": "22",
                "protocol": "tcp",
                "source_ips": [
                  "0.0.0.0/0",
                  "::/0"
                ]
              }
            ]
          },
          "sensitive_attributes": [],
          "identity_schema_version": 0,
          "private": "bnVsbA=="
        }
      ]
    },
    {
      "mode": "managed",
      "type": "hcloud_firewall_attachment",
      "name": "edge_attach",
      "provider": "provider[\"registry.terraform.io/hetznercloud/hcloud\"]",
      "instances": [
        {
          "schema_version": 0,
          "attributes": {
            "firewall_id": 10426008,
            "id": "10426008",
            "label_selectors": null,
            "server_ids": [
              118015244
            ]
          },
          "sensitive_attributes": [],
          "identity_schema_version": 0,
          "private": "bnVsbA==",
          "dependencies": [
            "data.hcloud_image.bastion_snapshot",
            "data.hcloud_network.main",
            "hcloud_firewall.edge_fw",
            "hcloud_server.edge"
          ]
        }
      ]
    },
    {
      "mode": "managed",
      "type": "hcloud_server",
      "name": "edge",
      "provider": "provider[\"registry.terraform.io/hetznercloud/hcloud\"]",
      "instances": [
        {
          "schema_version": 0,
          "attributes": {
            "allow_deprecated_images": false,
            "backup_window": "",
            "backups": false,
            "datacenter": "hel1-dc2",
            "delete_protection": false,
            "firewall_ids": [],
            "id": "118015244",
            "ignore_remote_firewall_ids": false,
            "image": "351364828",
            "ipv4_address": "135.181.82.31",
            "ipv6_address": "2a01:4f9:c013:3720::1",
            "ipv6_network": "2a01:4f9:c013:3720::/64",
            "iso": null,
            "keep_disk": false,
            "labels": null,
            "location": "hel1",
            "name": "hzn-bastion-jilani",
            "network": [
              {
                "alias_ips": [],
                "ip": "10.20.0.2",
                "mac_address": "86:00:00:81:55:f8",
                "network_id": 11831896
              }
            ],
            "placement_group_id": 0,
            "primary_disk_size": 40,
            "public_net": [
              {
                "ipv4": 0,
                "ipv4_enabled": true,
                "ipv6": 0,
                "ipv6_enabled": true
              }
            ],
            "rebuild_protection": false,
            "rescue": null,
            "server_type": "cx23",
            "shutdown_before_deletion": false,
            "ssh_keys": [
              "jilani-key"
            ],
            "status": "running",
            "timeouts": null,
            "user_data": "Q4tgfNAi6ljMycYsSpzvRwjj7kc="
          },
          "sensitive_attributes": [
            [
              {
                "type": "get_attr",
                "value": "network"
              }
            ]
          ],
          "identity_schema_version": 0,
          "private": "eyJlMmJmYjczMC1lY2FhLTExZTYtOGY4OC0zNDM2M2JjN2M0YzAiOnsiY3JlYXRlIjo1NDAwMDAwMDAwMDAwfX0=",
          "dependencies": [
            "data.hcloud_image.bastion_snapshot",
            "data.hcloud_network.main"
          ]
        }
      ]
    },
    {
      "mode": "managed",
      "type": "hcloud_server",
      "name": "guacamole",
      "provider": "provider[\"registry.terraform.io/hetznercloud/hcloud\"]",
      "instances": [
        {
          "schema_version": 0,
          "attributes": {
            "allow_deprecated_images": false,
            "backup_window": "",
            "backups": false,
            "datacenter": "hel1-dc2",
            "delete_protection": false,
            "firewall_ids": [],
            "id": "118015245",
            "ignore_remote_firewall_ids": false,
            "image": "351347529",
            "ipv4_address": "",
            "ipv6_address": "",
            "ipv6_network": "\u003cnil\u003e",
            "iso": null,
            "keep_disk": false,
            "labels": null,
            "location": "hel1",
            "name": "hzn-guacamole-jilani",
            "network": [
              {
                "alias_ips": [],
                "ip": "10.20.0.3",
                "mac_address": "86:00:00:81:55:f9",
                "network_id": 11831896
              }
            ],
            "placement_group_id": 0,
            "primary_disk_size": 40,
            "public_net": [
              {
                "ipv4": 0,
                "ipv4_enabled": false,
                "ipv6": 0,
                "ipv6_enabled": false
              }
            ],
            "rebuild_protection": false,
            "rescue": null,
            "server_type": "cx23",
            "shutdown_before_deletion": false,
            "ssh_keys": [
              "jilani-key"
            ],
            "status": "running",
            "timeouts": null,
            "user_data": "1j06JXMnx42pXIQabRLVCiTzBtg="
          },
          "sensitive_attributes": [
            [
              {
                "type": "get_attr",
                "value": "network"
              }
            ]
          ],
          "identity_schema_version": 0,
          "private": "eyJlMmJmYjczMC1lY2FhLTExZTYtOGY4OC0zNDM2M2JjN2M0YzAiOnsiY3JlYXRlIjo1NDAwMDAwMDAwMDAwfX0=",
          "dependencies": [
            "data.hcloud_image.guacamole_snapshot",
            "data.hcloud_network.main"
          ]
        }
      ]
    }
  ],
  "check_results": null
}
