{
  "version": 4,
  "terraform_version": "1.15.5",
  "serial": 11,
  "lineage": "a09d1795-91f7-5714-1580-1155b59c9532",
  "outputs": {
    "master_private_ip": {
      "value": "10.20.0.10",
      "type": "string"
    },
    "worker_private_ips": {
      "value": [
        "10.20.0.11",
        "10.20.0.12"
      ],
      "type": [
        "tuple",
        [
          "string",
          "string"
        ]
      ]
    }
  },
  "resources": [
    {
      "mode": "data",
      "type": "hcloud_network",
      "name": "main",
      "provider": "provider[\"registry.terraform.io/hetznercloud/hcloud\"]",
      "instances": [
        {
          "schema_version": 0,
          "attributes": {
            "delete_protection": false,
            "expose_routes_to_vswitch": false,
            "id": 11831896,
            "ip_range": "10.20.0.0/24",
            "labels": {},
            "most_recent": null,
            "name": "nw-jilani",
            "with_selector": null
          },
          "sensitive_attributes": [],
          "identity_schema_version": 0
        }
      ]
    },
    {
      "module": "module.k8s_cluster",
      "mode": "data",
      "type": "hcloud_image",
      "name": "k8s_snapshot",
      "provider": "provider[\"registry.terraform.io/hetznercloud/hcloud\"]",
      "instances": [
        {
          "schema_version": 0,
          "attributes": {
            "architecture": "x86",
            "created": "2026-04-08T07:02:48Z",
            "deprecated": null,
            "description": "hzn-jilani-k8s-containerd-node-v1-1775631695",
            "id": 374447726,
            "include_deprecated": false,
            "labels": {
              "created_by": "jilani",
              "role": "k8s_master_and_worker"
            },
            "most_recent": true,
            "name": "",
            "os_flavor": "ubuntu",
            "os_version": "24.04",
            "rapid_deploy": false,
            "selector": null,
            "type": "snapshot",
            "with_architecture": "x86",
            "with_selector": "created_by=jilani,role=k8s_master_and_worker",
            "with_status": null
          },
          "sensitive_attributes": [],
          "identity_schema_version": 0
        }
      ]
    },
    {
      "module": "module.k8s_cluster",
      "mode": "managed",
      "type": "hcloud_server",
      "name": "worker",
      "provider": "provider[\"registry.terraform.io/hetznercloud/hcloud\"]",
      "instances": [
        {
          "index_key": 0,
          "schema_version": 0,
          "attributes": {
            "allow_deprecated_images": false,
            "backup_window": "",
            "backups": false,
            "datacenter": "nbg1-dc3",
            "delete_protection": false,
            "firewall_ids": [],
            "id": "135566267",
            "ignore_remote_firewall_ids": false,
            "image": "374447726",
            "ipv4_address": "",
            "ipv6_address": "",
            "ipv6_network": "\u003cnil\u003e",
            "iso": null,
            "keep_disk": false,
            "labels": {
              "created_by": "jilani",
              "role": "worker"
            },
            "location": "nbg1",
            "name": "hzn-k8s-worker-1-jilani",
            "network": [
              {
                "alias_ips": [],
                "ip": "10.20.0.11",
                "mac_address": "86:00:00:54:c2:1c",
                "network_id": 11831896
              }
            ],
            "placement_group_id": 0,
            "primary_disk_size": 40,
            "public_net": [
              {
                "ipv4": 0,
                "ipv4_enabled": false,
                "ipv6": 0,
                "ipv6_enabled": false
              }
            ],
            "rebuild_protection": false,
            "rescue": null,
            "server_type": "cx23",
            "shutdown_before_deletion": false,
            "ssh_keys": [
              "jilani-key"
            ],
            "status": "running",
            "timeouts": null,
            "user_data": "1j06JXMnx42pXIQabRLVCiTzBtg="
          },
          "sensitive_attributes": [],
          "identity_schema_version": 0,
          "private": "eyJlMmJmYjczMC1lY2FhLTExZTYtOGY4OC0zNDM2M2JjN2M0YzAiOnsiY3JlYXRlIjo1NDAwMDAwMDAwMDAwfX0=",
          "dependencies": [
            "data.hcloud_network.main",
            "module.k8s_cluster.data.hcloud_image.k8s_snapshot"
          ]
        },
        {
          "index_key": 1,
          "schema_version": 0,
          "attributes": {
            "allow_deprecated_images": false,
            "backup_window": "",
            "backups": false,
            "datacenter": "nbg1-dc3",
            "delete_protection": false,
            "firewall_ids": [],
            "id": "135581279",
            "ignore_remote_firewall_ids": false,
            "image": "374447726",
            "ipv4_address": "",
            "ipv6_address": "",
            "ipv6_network": "\u003cnil\u003e",
            "iso": null,
            "keep_disk": false,
            "labels": {
              "created_by": "jilani",
              "role": "worker"
            },
            "location": "nbg1",
            "name": "hzn-k8s-worker-2-jilani",
            "network": [
              {
                "alias_ips": [],
                "ip": "10.20.0.12",
                "mac_address": "86:00:00:54:bc:d2",
                "network_id": 11831896
              }
            ],
            "placement_group_id": 0,
            "primary_disk_size": 40,
            "public_net": [
              {
                "ipv4": 0,
                "ipv4_enabled": false,
                "ipv6": 0,
                "ipv6_enabled": false
              }
            ],
            "rebuild_protection": false,
            "rescue": null,
            "server_type": "cx23",
            "shutdown_before_deletion": false,
            "ssh_keys": [
              "jilani-key"
            ],
            "status": "running",
            "timeouts": null,
            "user_data": "1j06JXMnx42pXIQabRLVCiTzBtg="
          },
          "sensitive_attributes": [],
          "identity_schema_version": 0,
          "private": "eyJlMmJmYjczMC1lY2FhLTExZTYtOGY4OC0zNDM2M2JjN2M0YzAiOnsiY3JlYXRlIjo1NDAwMDAwMDAwMDAwfX0=",
          "dependencies": [
            "data.hcloud_network.main",
            "module.k8s_cluster.data.hcloud_image.k8s_snapshot"
          ]
        }
      ]
    }
  ],
  "check_results": null
}
